
Microsoft Visual Studio Solution File, Format Version 12.00
# Visual Studio Version 17
VisualStudioVersion = 17.8.34511.84
MinimumVisualStudioVersion = 10.0.40219.1
Project("{FAE04EC0-301F-11D3-BF4B-00C04F79EFBC}") = "COMP003A Activity 4", "COMP003A Activity 4\COMP003A Activity 4.csproj", "{480C965B-BBFE-4A1E-BD92-E9B749816FAC}"
EndProject
Global
	GlobalSection(SolutionConfigurationPlatforms) = preSolution
		Debug|Any CPU = Debug|Any CPU
		Release|Any CPU = Release|Any CPU
	EndGlobalSection
	GlobalSection(ProjectConfigurationPlatforms) = postSolution
		{480C965B-BBFE-4A1E-BD92-E9B749816FAC}.Debug|Any CPU.ActiveCfg = Debug|Any CPU
		{480C965B-BBFE-4A1E-BD92-E9B749816FAC}.Debug|Any CPU.Build.0 = Debug|Any CPU
		{480C965B-BBFE-4A1E-BD92-E9B749816FAC}.Release|Any CPU.ActiveCfg = Release|Any CPU
		{480C965B-BBFE-4A1E-BD92-E9B749816FAC}.Release|Any CPU.Build.0 = Release|Any CPU
	EndGlobalSection
	GlobalSection(SolutionProperties) = preSolution
		HideSolutionNode = FALSE
	EndGlobalSection
	GlobalSection(ExtensibilityGlobals) = postSolution
		SolutionGuid = {F8192B04-8D7C-47DE-A1E7-D531DBE2FAE5}
	EndGlobalSection
EndGlobal
